// !$*UTF8*$!
{
	archiveVersion = 1;
	classes = {
	};
	objectVersion = 56;
	objects = {

/* Begin PBXBuildFile section */
		BF1CE6B22C88926E008AE7F7 /* GoalListViewController.swift in Sources */ = {isa = PBXBuildFile; fileRef = BF1CE6B12C88926E008AE7F7 /* GoalListViewController.swift */; };
		BF1CE6B42C889280008AE7F7 /* GoalListView.swift in Sources */ = {isa = PBXBuildFile; fileRef = BF1CE6B32C889280008AE7F7 /* GoalListView.swift */; };
		BF1CE6B62C889296008AE7F7 /* GoalListViewModel.swift in Sources */ = {isa = PBXBuildFile; fileRef = BF1CE6B52C889296008AE7F7 /* GoalListViewModel.swift */; };
		BF1CE6BB2C8AA352008AE7F7 /* S-CoreDream-6Bold.otf in Resources */ = {isa = PBXBuildFile; fileRef = BF1CE6B72C8AA352008AE7F7 /* S-CoreDream-6Bold.otf */; };
		BF1CE6BC2C8AA352008AE7F7 /* S-CoreDream-3Light.otf in Resources */ = {isa = PBXBuildFile; fileRef = BF1CE6B82C8AA352008AE7F7 /* S-CoreDream-3Light.otf */; };
		BF1CE6BD2C8AA352008AE7F7 /* S-CoreDream-5Medium.otf in Resources */ = {isa = PBXBuildFile; fileRef = BF1CE6B92C8AA352008AE7F7 /* S-CoreDream-5Medium.otf */; };
		BF1CE6BE2C8AA352008AE7F7 /* S-CoreDream-4Regular.otf in Resources */ = {isa = PBXBuildFile; fileRef = BF1CE6BA2C8AA352008AE7F7 /* S-CoreDream-4Regular.otf */; };
		BF1CE6C02C8AD85A008AE7F7 /* GoalListCell.swift in Sources */ = {isa = PBXBuildFile; fileRef = BF1CE6BF2C8AD85A008AE7F7 /* GoalListCell.swift */; };
		BF1CE6C42C8DA1B3008AE7F7 /* TabBarController.swift in Sources */ = {isa = PBXBuildFile; fileRef = BF1CE6C32C8DA1B3008AE7F7 /* TabBarController.swift */; };
		BF1CE6CE2C8EDC8A008AE7F7 /* GoalDetailViewController.swift in Sources */ = {isa = PBXBuildFile; fileRef = BF1CE6CD2C8EDC8A008AE7F7 /* GoalDetailViewController.swift */; };
		BF1CE6D02C8EDC9A008AE7F7 /* GoalDetailView.swift in Sources */ = {isa = PBXBuildFile; fileRef = BF1CE6CF2C8EDC9A008AE7F7 /* GoalDetailView.swift */; };
		BF1CE6D22C8EDCA7008AE7F7 /* GoalDetailViewModel.swift in Sources */ = {isa = PBXBuildFile; fileRef = BF1CE6D12C8EDCA7008AE7F7 /* GoalDetailViewModel.swift */; };
		BF1CE6D42C8F135B008AE7F7 /* GoalDetailMiddleGoalCell.swift in Sources */ = {isa = PBXBuildFile; fileRef = BF1CE6D32C8F135B008AE7F7 /* GoalDetailMiddleGoalCell.swift */; };
		BFA91E2F2C92CCA100446246 /* SwitchButton.swift in Sources */ = {isa = PBXBuildFile; fileRef = BFA91E2E2C92CCA100446246 /* SwitchButton.swift */; };
		BFC7F13E2C7EECB100EEA14F /* AppDelegate.swift in Sources */ = {isa = PBXBuildFile; fileRef = BFC7F13D2C7EECB100EEA14F /* AppDelegate.swift */; };
		BFC7F1402C7EECB100EEA14F /* SceneDelegate.swift in Sources */ = {isa = PBXBuildFile; fileRef = BFC7F13F2C7EECB100EEA14F /* SceneDelegate.swift */; };
		BFC7F1422C7EECB100EEA14F /* GoalMainViewController.swift in Sources */ = {isa = PBXBuildFile; fileRef = BFC7F1412C7EECB100EEA14F /* GoalMainViewController.swift */; };
		BFC7F1472C7EECB300EEA14F /* Assets.xcassets in Resources */ = {isa = PBXBuildFile; fileRef = BFC7F1462C7EECB300EEA14F /* Assets.xcassets */; };
		BFC7F14A2C7EECB300EEA14F /* Base in Resources */ = {isa = PBXBuildFile; fileRef = BFC7F1492C7EECB300EEA14F /* Base */; };
		BFC7F1762C7F0FEE00EEA14F /* UIImage+Extension.swift in Sources */ = {isa = PBXBuildFile; fileRef = BFC7F1752C7F0FEE00EEA14F /* UIImage+Extension.swift */; };
		BFC7F1782C7F18ED00EEA14F /* Buttons.swift in Sources */ = {isa = PBXBuildFile; fileRef = BFC7F1772C7F18ED00EEA14F /* Buttons.swift */; };
		BFC7F17A2C800CE500EEA14F /* UIFont+Extension.swift in Sources */ = {isa = PBXBuildFile; fileRef = BFC7F1792C800CE500EEA14F /* UIFont+Extension.swift */; };
		BFC7F17C2C802D0100EEA14F /* TextField.swift in Sources */ = {isa = PBXBuildFile; fileRef = BFC7F17B2C802D0100EEA14F /* TextField.swift */; };
		BFC7F17E2C80572600EEA14F /* TextField+Extension.swift in Sources */ = {isa = PBXBuildFile; fileRef = BFC7F17D2C80572600EEA14F /* TextField+Extension.swift */; };
		BFC7F1822C8070AB00EEA14F /* UIViewController+Extension.swift in Sources */ = {isa = PBXBuildFile; fileRef = BFC7F1812C8070AB00EEA14F /* UIViewController+Extension.swift */; };
		BFC7F1842C815DCA00EEA14F /* DropDownMenu.swift in Sources */ = {isa = PBXBuildFile; fileRef = BFC7F1832C815DCA00EEA14F /* DropDownMenu.swift */; };
		BFC7F1862C834A7300EEA14F /* SegmentedControl.swift in Sources */ = {isa = PBXBuildFile; fileRef = BFC7F1852C834A7300EEA14F /* SegmentedControl.swift */; };
		BFC7F18C2C84395B00EEA14F /* DataModel.swift in Sources */ = {isa = PBXBuildFile; fileRef = BFC7F18B2C84395B00EEA14F /* DataModel.swift */; };
		BFC7F1912C849FE700EEA14F /* StorageMainViewController.swift in Sources */ = {isa = PBXBuildFile; fileRef = BFC7F1902C849FE700EEA14F /* StorageMainViewController.swift */; };
		BFC7F1932C84A00300EEA14F /* RecordMainViewController.swift in Sources */ = {isa = PBXBuildFile; fileRef = BFC7F1922C84A00300EEA14F /* RecordMainViewController.swift */; };
		BFC7F1962C84A1FB00EEA14F /* ReportMainViewController.swift in Sources */ = {isa = PBXBuildFile; fileRef = BFC7F1952C84A1FB00EEA14F /* ReportMainViewController.swift */; };
		BFC7F19B2C84A26C00EEA14F /* SettingMainViewController.swift in Sources */ = {isa = PBXBuildFile; fileRef = BFC7F19A2C84A26C00EEA14F /* SettingMainViewController.swift */; };
		BFC7F19D2C84AA7800EEA14F /* UIView+Extension.swift in Sources */ = {isa = PBXBuildFile; fileRef = BFC7F19C2C84AA7800EEA14F /* UIView+Extension.swift */; };
		BFC7F1A32C8574E300EEA14F /* DataController.swift in Sources */ = {isa = PBXBuildFile; fileRef = BFC7F1A22C8574E300EEA14F /* DataController.swift */; };
		BFC7F1A52C8597C100EEA14F /* ShareData.swift in Sources */ = {isa = PBXBuildFile; fileRef = BFC7F1A42C8597C100EEA14F /* ShareData.swift */; };
		BFC7F1A92C85B1AB00EEA14F /* UINavigationController+Extenstion.swift in Sources */ = {isa = PBXBuildFile; fileRef = BFC7F1A82C85B1AB00EEA14F /* UINavigationController+Extenstion.swift */; };
		BFC7F1AB2C85B21100EEA14F /* NavigationBar.swift in Sources */ = {isa = PBXBuildFile; fileRef = BFC7F1AA2C85B21100EEA14F /* NavigationBar.swift */; };
		BFC7F1AD2C85C03700EEA14F /* NotificationViewController.swift in Sources */ = {isa = PBXBuildFile; fileRef = BFC7F1AC2C85C03700EEA14F /* NotificationViewController.swift */; };
		BFC7F1AF2C869C3A00EEA14F /* GoalMainView.swift in Sources */ = {isa = PBXBuildFile; fileRef = BFC7F1AE2C869C3A00EEA14F /* GoalMainView.swift */; };
		BFC7F1B12C869C7300EEA14F /* GoalMainViewModel.swift in Sources */ = {isa = PBXBuildFile; fileRef = BFC7F1B02C869C7300EEA14F /* GoalMainViewModel.swift */; };
		BFC7F1B32C87032A00EEA14F /* CurrentGoalListCell.swift in Sources */ = {isa = PBXBuildFile; fileRef = BFC7F1B22C87032A00EEA14F /* CurrentGoalListCell.swift */; };
		BFC7F1B52C87375400EEA14F /* UILabel+Extension.swift in Sources */ = {isa = PBXBuildFile; fileRef = BFC7F1B42C87375400EEA14F /* UILabel+Extension.swift */; };
/* End PBXBuildFile section */

/* Begin PBXFileReference section */
		BF1CE6B12C88926E008AE7F7 /* GoalListViewController.swift */ = {isa = PBXFileReference; lastKnownFileType = sourcecode.swift; path = GoalListViewController.swift; sourceTree = "<group>"; };
		BF1CE6B32C889280008AE7F7 /* GoalListView.swift */ = {isa = PBXFileReference; lastKnownFileType = sourcecode.swift; path = GoalListView.swift; sourceTree = "<group>"; };
		BF1CE6B52C889296008AE7F7 /* GoalListViewModel.swift */ = {isa = PBXFileReference; lastKnownFileType = sourcecode.swift; path = GoalListViewModel.swift; sourceTree = "<group>"; };
		BF1CE6B72C8AA352008AE7F7 /* S-CoreDream-6Bold.otf */ = {isa = PBXFileReference; lastKnownFileType = file; path = "S-CoreDream-6Bold.otf"; sourceTree = "<group>"; };
		BF1CE6B82C8AA352008AE7F7 /* S-CoreDream-3Light.otf */ = {isa = PBXFileReference; lastKnownFileType = file; path = "S-CoreDream-3Light.otf"; sourceTree = "<group>"; };
		BF1CE6B92C8AA352008AE7F7 /* S-CoreDream-5Medium.otf */ = {isa = PBXFileReference; lastKnownFileType = file; path = "S-CoreDream-5Medium.otf"; sourceTree = "<group>"; };
		BF1CE6BA2C8AA352008AE7F7 /* S-CoreDream-4Regular.otf */ = {isa = PBXFileReference; lastKnownFileType = file; path = "S-CoreDream-4Regular.otf"; sourceTree = "<group>"; };
		BF1CE6BF2C8AD85A008AE7F7 /* GoalListCell.swift */ = {isa = PBXFileReference; lastKnownFileType = sourcecode.swift; path = GoalListCell.swift; sourceTree = "<group>"; };
		BF1CE6C32C8DA1B3008AE7F7 /* TabBarController.swift */ = {isa = PBXFileReference; lastKnownFileType = sourcecode.swift; path = TabBarController.swift; sourceTree = "<group>"; };
		BF1CE6CD2C8EDC8A008AE7F7 /* GoalDetailViewController.swift */ = {isa = PBXFileReference; lastKnownFileType = sourcecode.swift; path = GoalDetailViewController.swift; sourceTree = "<group>"; };
		BF1CE6CF2C8EDC9A008AE7F7 /* GoalDetailView.swift */ = {isa = PBXFileReference; lastKnownFileType = sourcecode.swift; path = GoalDetailView.swift; sourceTree = "<group>"; };
		BF1CE6D12C8EDCA7008AE7F7 /* GoalDetailViewModel.swift */ = {isa = PBXFileReference; lastKnownFileType = sourcecode.swift; path = GoalDetailViewModel.swift; sourceTree = "<group>"; };
		BF1CE6D32C8F135B008AE7F7 /* GoalDetailMiddleGoalCell.swift */ = {isa = PBXFileReference; lastKnownFileType = sourcecode.swift; path = GoalDetailMiddleGoalCell.swift; sourceTree = "<group>"; };
		BFA91E2E2C92CCA100446246 /* SwitchButton.swift */ = {isa = PBXFileReference; lastKnownFileType = sourcecode.swift; path = SwitchButton.swift; sourceTree = "<group>"; };
		BFC7F13A2C7EECB100EEA14F /* todoStar.app */ = {isa = PBXFileReference; explicitFileType = wrapper.application; includeInIndex = 0; path = todoStar.app; sourceTree = BUILT_PRODUCTS_DIR; };
		BFC7F13D2C7EECB100EEA14F /* AppDelegate.swift */ = {isa = PBXFileReference; lastKnownFileType = sourcecode.swift; path = AppDelegate.swift; sourceTree = "<group>"; };
		BFC7F13F2C7EECB100EEA14F /* SceneDelegate.swift */ = {isa = PBXFileReference; lastKnownFileType = sourcecode.swift; path = SceneDelegate.swift; sourceTree = "<group>"; };
		BFC7F1412C7EECB100EEA14F /* GoalMainViewController.swift */ = {isa = PBXFileReference; lastKnownFileType = sourcecode.swift; path = GoalMainViewController.swift; sourceTree = "<group>"; };
		BFC7F1462C7EECB300EEA14F /* Assets.xcassets */ = {isa = PBXFileReference; lastKnownFileType = folder.assetcatalog; path = Assets.xcassets; sourceTree = "<group>"; };
		BFC7F1492C7EECB300EEA14F /* Base */ = {isa = PBXFileReference; lastKnownFileType = file.storyboard; name = Base; path = Base.lproj/LaunchScreen.storyboard; sourceTree = "<group>"; };
		BFC7F14B2C7EECB300EEA14F /* Info.plist */ = {isa = PBXFileReference; lastKnownFileType = text.plist.xml; path = Info.plist; sourceTree = "<group>"; };
		BFC7F1752C7F0FEE00EEA14F /* UIImage+Extension.swift */ = {isa = PBXFileReference; lastKnownFileType = sourcecode.swift; path = "UIImage+Extension.swift"; sourceTree = "<group>"; };
		BFC7F1772C7F18ED00EEA14F /* Buttons.swift */ = {isa = PBXFileReference; lastKnownFileType = sourcecode.swift; path = Buttons.swift; sourceTree = "<group>"; };
		BFC7F1792C800CE500EEA14F /* UIFont+Extension.swift */ = {isa = PBXFileReference; lastKnownFileType = sourcecode.swift; path = "UIFont+Extension.swift"; sourceTree = "<group>"; };
		BFC7F17B2C802D0100EEA14F /* TextField.swift */ = {isa = PBXFileReference; lastKnownFileType = sourcecode.swift; path = TextField.swift; sourceTree = "<group>"; };
		BFC7F17D2C80572600EEA14F /* TextField+Extension.swift */ = {isa = PBXFileReference; lastKnownFileType = sourcecode.swift; path = "TextField+Extension.swift"; sourceTree = "<group>"; };
		BFC7F1812C8070AB00EEA14F /* UIViewController+Extension.swift */ = {isa = PBXFileReference; lastKnownFileType = sourcecode.swift; path = "UIViewController+Extension.swift"; sourceTree = "<group>"; };
		BFC7F1832C815DCA00EEA14F /* DropDownMenu.swift */ = {isa = PBXFileReference; lastKnownFileType = sourcecode.swift; path = DropDownMenu.swift; sourceTree = "<group>"; };
		BFC7F1852C834A7300EEA14F /* SegmentedControl.swift */ = {isa = PBXFileReference; lastKnownFileType = sourcecode.swift; path = SegmentedControl.swift; sourceTree = "<group>"; };
		BFC7F18B2C84395B00EEA14F /* DataModel.swift */ = {isa = PBXFileReference; lastKnownFileType = sourcecode.swift; path = DataModel.swift; sourceTree = "<group>"; };
		BFC7F1902C849FE700EEA14F /* StorageMainViewController.swift */ = {isa = PBXFileReference; lastKnownFileType = sourcecode.swift; path = StorageMainViewController.swift; sourceTree = "<group>"; };
		BFC7F1922C84A00300EEA14F /* RecordMainViewController.swift */ = {isa = PBXFileReference; lastKnownFileType = sourcecode.swift; path = RecordMainViewController.swift; sourceTree = "<group>"; };
		BFC7F1952C84A1FB00EEA14F /* ReportMainViewController.swift */ = {isa = PBXFileReference; lastKnownFileType = sourcecode.swift; path = ReportMainViewController.swift; sourceTree = "<group>"; };
		BFC7F19A2C84A26C00EEA14F /* SettingMainViewController.swift */ = {isa = PBXFileReference; lastKnownFileType = sourcecode.swift; path = SettingMainViewController.swift; sourceTree = "<group>"; };
		BFC7F19C2C84AA7800EEA14F /* UIView+Extension.swift */ = {isa = PBXFileReference; lastKnownFileType = sourcecode.swift; path = "UIView+Extension.swift"; sourceTree = "<group>"; };
		BFC7F1A22C8574E300EEA14F /* DataController.swift */ = {isa = PBXFileReference; lastKnownFileType = sourcecode.swift; path = DataController.swift; sourceTree = "<group>"; };
		BFC7F1A42C8597C100EEA14F /* ShareData.swift */ = {isa = PBXFileReference; lastKnownFileType = sourcecode.swift; path = ShareData.swift; sourceTree = "<group>"; };
		BFC7F1A82C85B1AB00EEA14F /* UINavigationController+Extenstion.swift */ = {isa = PBXFileReference; lastKnownFileType = sourcecode.swift; path = "UINavigationController+Extenstion.swift"; sourceTree = "<group>"; };
		BFC7F1AA2C85B21100EEA14F /* NavigationBar.swift */ = {isa = PBXFileReference; lastKnownFileType = sourcecode.swift; path = NavigationBar.swift; sourceTree = "<group>"; };
		BFC7F1AC2C85C03700EEA14F /* NotificationViewController.swift */ = {isa = PBXFileReference; lastKnownFileType = sourcecode.swift; path = NotificationViewController.swift; sourceTree = "<group>"; };
		BFC7F1AE2C869C3A00EEA14F /* GoalMainView.swift */ = {isa = PBXFileReference; lastKnownFileType = sourcecode.swift; path = GoalMainView.swift; sourceTree = "<group>"; };
		BFC7F1B02C869C7300EEA14F /* GoalMainViewModel.swift */ = {isa = PBXFileReference; lastKnownFileType = sourcecode.swift; path = GoalMainViewModel.swift; sourceTree = "<group>"; };
		BFC7F1B22C87032A00EEA14F /* CurrentGoalListCell.swift */ = {isa = PBXFileReference; lastKnownFileType = sourcecode.swift; path = CurrentGoalListCell.swift; sourceTree = "<group>"; };
		BFC7F1B42C87375400EEA14F /* UILabel+Extension.swift */ = {isa = PBXFileReference; lastKnownFileType = sourcecode.swift; path = "UILabel+Extension.swift"; sourceTree = "<group>"; };
/* End PBXFileReference section */

/* Begin PBXFrameworksBuildPhase section */
		BFC7F1372C7EECB100EEA14F /* Frameworks */ = {
			isa = PBXFrameworksBuildPhase;
			buildActionMask = 2147483647;
			files = (
			);
			runOnlyForDeploymentPostprocessing = 0;
		};
/* End PBXFrameworksBuildPhase section */

/* Begin PBXGroup section */
		BF1CE6AF2C889238008AE7F7 /* GoalMain */ = {
			isa = PBXGroup;
			children = (
				BFC7F1412C7EECB100EEA14F /* GoalMainViewController.swift */,
				BFC7F1AE2C869C3A00EEA14F /* GoalMainView.swift */,
				BFC7F1B02C869C7300EEA14F /* GoalMainViewModel.swift */,
				BFC7F1B22C87032A00EEA14F /* CurrentGoalListCell.swift */,
			);
			path = GoalMain;
			sourceTree = "<group>";
		};
		BF1CE6B02C88924D008AE7F7 /* GoalList */ = {
			isa = PBXGroup;
			children = (
				BF1CE6B12C88926E008AE7F7 /* GoalListViewController.swift */,
				BF1CE6B32C889280008AE7F7 /* GoalListView.swift */,
				BF1CE6B52C889296008AE7F7 /* GoalListViewModel.swift */,
				BF1CE6BF2C8AD85A008AE7F7 /* GoalListCell.swift */,
			);
			path = GoalList;
			sourceTree = "<group>";
		};
		BF1CE6CC2C8EDC76008AE7F7 /* GoalDetail */ = {
			isa = PBXGroup;
			children = (
				BF1CE6CD2C8EDC8A008AE7F7 /* GoalDetailViewController.swift */,
				BF1CE6CF2C8EDC9A008AE7F7 /* GoalDetailView.swift */,
				BF1CE6D12C8EDCA7008AE7F7 /* GoalDetailViewModel.swift */,
				BF1CE6D32C8F135B008AE7F7 /* GoalDetailMiddleGoalCell.swift */,
			);
			path = GoalDetail;
			sourceTree = "<group>";
		};
		BFC7F1312C7EECB100EEA14F = {
			isa = PBXGroup;
			children = (
				BFC7F13C2C7EECB100EEA14F /* todoStar */,
				BFC7F13B2C7EECB100EEA14F /* Products */,
			);
			sourceTree = "<group>";
		};
		BFC7F13B2C7EECB100EEA14F /* Products */ = {
			isa = PBXGroup;
			children = (
				BFC7F13A2C7EECB100EEA14F /* todoStar.app */,
			);
			name = Products;
			sourceTree = "<group>";
		};
		BFC7F13C2C7EECB100EEA14F /* todoStar */ = {
			isa = PBXGroup;
			children = (
				BFC7F1512C7EEE7600EEA14F /* Sources */,
				BFC7F1522C7EEE9900EEA14F /* Resources */,
				BFC7F1462C7EECB300EEA14F /* Assets.xcassets */,
				BFC7F1482C7EECB300EEA14F /* LaunchScreen.storyboard */,
				BFC7F14B2C7EECB300EEA14F /* Info.plist */,
			);
			path = todoStar;
			sourceTree = "<group>";
		};
		BFC7F1512C7EEE7600EEA14F /* Sources */ = {
			isa = PBXGroup;
			children = (
				BFC7F1582C7EF01700EEA14F /* UI */,
				BFC7F1562C7EEF9900EEA14F /* Models */,
				BFC7F1552C7EEF3400EEA14F /* Modules */,
			);
			path = Sources;
			sourceTree = "<group>";
		};
		BFC7F1522C7EEE9900EEA14F /* Resources */ = {
			isa = PBXGroup;
			children = (
				BFC7F1542C7EEEB000EEA14F /* Extensions */,
				BFC7F1532C7EEEAA00EEA14F /* Fonts */,
				BFC7F13F2C7EECB100EEA14F /* SceneDelegate.swift */,
				BFC7F13D2C7EECB100EEA14F /* AppDelegate.swift */,
			);
			path = Resources;
			sourceTree = "<group>";
		};
		BFC7F1532C7EEEAA00EEA14F /* Fonts */ = {
			isa = PBXGroup;
			children = (
				BF1CE6B82C8AA352008AE7F7 /* S-CoreDream-3Light.otf */,
				BF1CE6BA2C8AA352008AE7F7 /* S-CoreDream-4Regular.otf */,
				BF1CE6B92C8AA352008AE7F7 /* S-CoreDream-5Medium.otf */,
				BF1CE6B72C8AA352008AE7F7 /* S-CoreDream-6Bold.otf */,
			);
			path = Fonts;
			sourceTree = "<group>";
		};
		BFC7F1542C7EEEB000EEA14F /* Extensions */ = {
			isa = PBXGroup;
			children = (
				BFC7F1752C7F0FEE00EEA14F /* UIImage+Extension.swift */,
				BFC7F1792C800CE500EEA14F /* UIFont+Extension.swift */,
				BFC7F17D2C80572600EEA14F /* TextField+Extension.swift */,
				BFC7F1812C8070AB00EEA14F /* UIViewController+Extension.swift */,
				BFC7F19C2C84AA7800EEA14F /* UIView+Extension.swift */,
				BFC7F1A82C85B1AB00EEA14F /* UINavigationController+Extenstion.swift */,
				BFC7F1B42C87375400EEA14F /* UILabel+Extension.swift */,
			);
			path = Extensions;
			sourceTree = "<group>";
		};
		BFC7F1552C7EEF3400EEA14F /* Modules */ = {
			isa = PBXGroup;
			children = (
				BFC7F1992C84A22800EEA14F /* Setting */,
				BFC7F1942C84A1E700EEA14F /* Report */,
				BFC7F18F2C849F3100EEA14F /* Record */,
				BFC7F18E2C849F2900EEA14F /* Storage */,
				BFC7F18D2C849EB100EEA14F /* Goal */,
				BFC7F1572C7EEFF200EEA14F /* SomeModules */,
			);
			path = Modules;
			sourceTree = "<group>";
		};
		BFC7F1562C7EEF9900EEA14F /* Models */ = {
			isa = PBXGroup;
			children = (
				BFC7F18B2C84395B00EEA14F /* DataModel.swift */,
				BFC7F1A22C8574E300EEA14F /* DataController.swift */,
				BFC7F1A42C8597C100EEA14F /* ShareData.swift */,
			);
			path = Models;
			sourceTree = "<group>";
		};
		BFC7F1572C7EEFF200EEA14F /* SomeModules */ = {
			isa = PBXGroup;
			children = (
				BFC7F1AC2C85C03700EEA14F /* NotificationViewController.swift */,
			);
			path = SomeModules;
			sourceTree = "<group>";
		};
		BFC7F1582C7EF01700EEA14F /* UI */ = {
			isa = PBXGroup;
			children = (
				BFC7F1772C7F18ED00EEA14F /* Buttons.swift */,
				BFC7F17B2C802D0100EEA14F /* TextField.swift */,
				BFC7F1832C815DCA00EEA14F /* DropDownMenu.swift */,
				BFC7F1852C834A7300EEA14F /* SegmentedControl.swift */,
				BFC7F1AA2C85B21100EEA14F /* NavigationBar.swift */,
				BF1CE6C32C8DA1B3008AE7F7 /* TabBarController.swift */,
				BFA91E2E2C92CCA100446246 /* SwitchButton.swift */,
			);
			path = UI;
			sourceTree = "<group>";
		};
		BFC7F18D2C849EB100EEA14F /* Goal */ = {
			isa = PBXGroup;
			children = (
				BF1CE6CC2C8EDC76008AE7F7 /* GoalDetail */,
				BF1CE6B02C88924D008AE7F7 /* GoalList */,
				BF1CE6AF2C889238008AE7F7 /* GoalMain */,
			);
			path = Goal;
			sourceTree = "<group>";
		};
		BFC7F18E2C849F2900EEA14F /* Storage */ = {
			isa = PBXGroup;
			children = (
				BFC7F1902C849FE700EEA14F /* StorageMainViewController.swift */,
			);
			path = Storage;
			sourceTree = "<group>";
		};
		BFC7F18F2C849F3100EEA14F /* Record */ = {
			isa = PBXGroup;
			children = (
				BFC7F1922C84A00300EEA14F /* RecordMainViewController.swift */,
			);
			path = Record;
			sourceTree = "<group>";
		};
		BFC7F1942C84A1E700EEA14F /* Report */ = {
			isa = PBXGroup;
			children = (
				BFC7F1952C84A1FB00EEA14F /* ReportMainViewController.swift */,
			);
			path = Report;
			sourceTree = "<group>";
		};
		BFC7F1992C84A22800EEA14F /* Setting */ = {
			isa = PBXGroup;
			children = (
				BFC7F19A2C84A26C00EEA14F /* SettingMainViewController.swift */,
			);
			path = Setting;
			sourceTree = "<group>";
		};
/* End PBXGroup section */

/* Begin PBXNativeTarget section */
		BFC7F1392C7EECB100EEA14F /* todoStar */ = {
			isa = PBXNativeTarget;
			buildConfigurationList = BFC7F14E2C7EECB300EEA14F /* Build configuration list for PBXNativeTarget "todoStar" */;
			buildPhases = (
				BFC7F1362C7EECB100EEA14F /* Sources */,
				BFC7F1372C7EECB100EEA14F /* Frameworks */,
				BFC7F1382C7EECB100EEA14F /* Resources */,
			);
			buildRules = (
			);
			dependencies = (
			);
			name = todoStar;
			productName = todoStar;
			productReference = BFC7F13A2C7EECB100EEA14F /* todoStar.app */;
			productType = "com.apple.product-type.application";
		};
/* End PBXNativeTarget section */

/* Begin PBXProject section */
		BFC7F1322C7EECB100EEA14F /* Project object */ = {
			isa = PBXProject;
			attributes = {
				BuildIndependentTargetsInParallel = 1;
				LastSwiftUpdateCheck = 1540;
				LastUpgradeCheck = 1540;
				TargetAttributes = {
					BFC7F1392C7EECB100EEA14F = {
						CreatedOnToolsVersion = 15.4;
					};
				};
			};
			buildConfigurationList = BFC7F1352C7EECB100EEA14F /* Build configuration list for PBXProject "todoStar" */;
			compatibilityVersion = "Xcode 14.0";
			developmentRegion = en;
			hasScannedForEncodings = 0;
			knownRegions = (
				en,
				Base,
			);
			mainGroup = BFC7F1312C7EECB100EEA14F;
			productRefGroup = BFC7F13B2C7EECB100EEA14F /* Products */;
			projectDirPath = "";
			projectRoot = "";
			targets = (
				BFC7F1392C7EECB100EEA14F /* todoStar */,
			);
		};
/* End PBXProject section */

/* Begin PBXResourcesBuildPhase section */
		BFC7F1382C7EECB100EEA14F /* Resources */ = {
			isa = PBXResourcesBuildPhase;
			buildActionMask = 2147483647;
			files = (
				BFC7F1472C7EECB300EEA14F /* Assets.xcassets in Resources */,
				BF1CE6BD2C8AA352008AE7F7 /* S-CoreDream-5Medium.otf in Resources */,
				BF1CE6BB2C8AA352008AE7F7 /* S-CoreDream-6Bold.otf in Resources */,
				BFC7F14A2C7EECB300EEA14F /* Base in Resources */,
				BF1CE6BE2C8AA352008AE7F7 /* S-CoreDream-4Regular.otf in Resources */,
				BF1CE6BC2C8AA352008AE7F7 /* S-CoreDream-3Light.otf in Resources */,
			);
			runOnlyForDeploymentPostprocessing = 0;
		};
/* End PBXResourcesBuildPhase section */

/* Begin PBXSourcesBuildPhase section */
		BFC7F1362C7EECB100EEA14F /* Sources */ = {
			isa = PBXSourcesBuildPhase;
			buildActionMask = 2147483647;
			files = (
				BFC7F1B32C87032A00EEA14F /* CurrentGoalListCell.swift in Sources */,
				BFC7F1822C8070AB00EEA14F /* UIViewController+Extension.swift in Sources */,
				BF1CE6D22C8EDCA7008AE7F7 /* GoalDetailViewModel.swift in Sources */,
				BF1CE6C42C8DA1B3008AE7F7 /* TabBarController.swift in Sources */,
				BFC7F17A2C800CE500EEA14F /* UIFont+Extension.swift in Sources */,
				BFC7F1422C7EECB100EEA14F /* GoalMainViewController.swift in Sources */,
				BFC7F1962C84A1FB00EEA14F /* ReportMainViewController.swift in Sources */,
				BFC7F1AB2C85B21100EEA14F /* NavigationBar.swift in Sources */,
				BFC7F1A92C85B1AB00EEA14F /* UINavigationController+Extenstion.swift in Sources */,
				BFC7F1862C834A7300EEA14F /* SegmentedControl.swift in Sources */,
				BFC7F1AF2C869C3A00EEA14F /* GoalMainView.swift in Sources */,
				BFC7F1762C7F0FEE00EEA14F /* UIImage+Extension.swift in Sources */,
				BF1CE6C02C8AD85A008AE7F7 /* GoalListCell.swift in Sources */,
				BF1CE6D02C8EDC9A008AE7F7 /* GoalDetailView.swift in Sources */,
				BFC7F1912C849FE700EEA14F /* StorageMainViewController.swift in Sources */,
				BFC7F19D2C84AA7800EEA14F /* UIView+Extension.swift in Sources */,
				BF1CE6CE2C8EDC8A008AE7F7 /* GoalDetailViewController.swift in Sources */,
				BFC7F18C2C84395B00EEA14F /* DataModel.swift in Sources */,
				BFC7F1842C815DCA00EEA14F /* DropDownMenu.swift in Sources */,
				BF1CE6B62C889296008AE7F7 /* GoalListViewModel.swift in Sources */,
				BFC7F1AD2C85C03700EEA14F /* NotificationViewController.swift in Sources */,
				BF1CE6B42C889280008AE7F7 /* GoalListView.swift in Sources */,
				BFC7F1782C7F18ED00EEA14F /* Buttons.swift in Sources */,
				BFC7F13E2C7EECB100EEA14F /* AppDelegate.swift in Sources */,
				BFC7F17E2C80572600EEA14F /* TextField+Extension.swift in Sources */,
				BFC7F1A32C8574E300EEA14F /* DataController.swift in Sources */,
				BFC7F19B2C84A26C00EEA14F /* SettingMainViewController.swift in Sources */,
				BFC7F1402C7EECB100EEA14F /* SceneDelegate.swift in Sources */,
				BF1CE6B22C88926E008AE7F7 /* GoalListViewController.swift in Sources */,
				BFC7F1A52C8597C100EEA14F /* ShareData.swift in Sources */,
				BFC7F1932C84A00300EEA14F /* RecordMainViewController.swift in Sources */,
				BFA91E2F2C92CCA100446246 /* SwitchButton.swift in Sources */,
				BFC7F1B12C869C7300EEA14F /* GoalMainViewModel.swift in Sources */,
				BF1CE6D42C8F135B008AE7F7 /* GoalDetailMiddleGoalCell.swift in Sources */,
				BFC7F1B52C87375400EEA14F /* UILabel+Extension.swift in Sources */,
				BFC7F17C2C802D0100EEA14F /* TextField.swift in Sources */,
			);
			runOnlyForDeploymentPostprocessing = 0;
		};
/* End PBXSourcesBuildPhase section */

/* Begin PBXVariantGroup section */
		BFC7F1482C7EECB300EEA14F /* LaunchScreen.storyboard */ = {
			isa = PBXVariantGroup;
			children = (
				BFC7F1492C7EECB300EEA14F /* Base */,
			);
			name = LaunchScreen.storyboard;
			sourceTree = "<group>";
		};
/* End PBXVariantGroup section */

/* Begin XCBuildConfiguration section */
		BFC7F14C2C7EECB300EEA14F /* Debug */ = {
			isa = XCBuildConfiguration;
			buildSettings = {
				ALWAYS_SEARCH_USER_PATHS = NO;
				ASSETCATALOG_COMPILER_GENERATE_SWIFT_ASSET_SYMBOL_EXTENSIONS = YES;
				CLANG_ANALYZER_NONNULL = YES;
				CLANG_ANALYZER_NUMBER_OBJECT_CONVERSION = YES_AGGRESSIVE;
				CLANG_CXX_LANGUAGE_STANDARD = "gnu++20";
				CLANG_ENABLE_MODULES = YES;
				CLANG_ENABLE_OBJC_ARC = YES;
				CLANG_ENABLE_OBJC_WEAK = YES;
				CLANG_WARN_BLOCK_CAPTURE_AUTORELEASING = YES;
				CLANG_WARN_BOOL_CONVERSION = YES;
				CLANG_WARN_COMMA = YES;
				CLANG_WARN_CONSTANT_CONVERSION = YES;
				CLANG_WARN_DEPRECATED_OBJC_IMPLEMENTATIONS = YES;
				CLANG_WARN_DIRECT_OBJC_ISA_USAGE = YES_ERROR;
				CLANG_WARN_DOCUMENTATION_COMMENTS = YES;
				CLANG_WARN_EMPTY_BODY = YES;
				CLANG_WARN_ENUM_CONVERSION = YES;
				CLANG_WARN_INFINITE_RECURSION = YES;
				CLANG_WARN_INT_CONVERSION = YES;
				CLANG_WARN_NON_LITERAL_NULL_CONVERSION = YES;
				CLANG_WARN_OBJC_IMPLICIT_RETAIN_SELF = YES;
				CLANG_WARN_OBJC_LITERAL_CONVERSION = YES;
				CLANG_WARN_OBJC_ROOT_CLASS = YES_ERROR;
				CLANG_WARN_QUOTED_INCLUDE_IN_FRAMEWORK_HEADER = YES;
				CLANG_WARN_RANGE_LOOP_ANALYSIS = YES;
				CLANG_WARN_STRICT_PROTOTYPES = YES;
				CLANG_WARN_SUSPICIOUS_MOVE = YES;
				CLANG_WARN_UNGUARDED_AVAILABILITY = YES_AGGRESSIVE;
				CLANG_WARN_UNREACHABLE_CODE = YES;
				CLANG_WARN__DUPLICATE_METHOD_MATCH = YES;
				COPY_PHASE_STRIP = NO;
				DEBUG_INFORMATION_FORMAT = dwarf;
				ENABLE_STRICT_OBJC_MSGSEND = YES;
				ENABLE_TESTABILITY = YES;
				ENABLE_USER_SCRIPT_SANDBOXING = YES;
				GCC_C_LANGUAGE_STANDARD = gnu17;
				GCC_DYNAMIC_NO_PIC = NO;
				GCC_NO_COMMON_BLOCKS = YES;
				GCC_OPTIMIZATION_LEVEL = 0;
				GCC_PREPROCESSOR_DEFINITIONS = (
					"DEBUG=1",
					"$(inherited)",
				);
				GCC_WARN_64_TO_32_BIT_CONVERSION = YES;
				GCC_WARN_ABOUT_RETURN_TYPE = YES_ERROR;
				GCC_WARN_UNDECLARED_SELECTOR = YES;
				GCC_WARN_UNINITIALIZED_AUTOS = YES_AGGRESSIVE;
				GCC_WARN_UNUSED_FUNCTION = YES;
				GCC_WARN_UNUSED_VARIABLE = YES;
				IPHONEOS_DEPLOYMENT_TARGET = 17.5;
				LOCALIZATION_PREFERS_STRING_CATALOGS = YES;
				MTL_ENABLE_DEBUG_INFO = INCLUDE_SOURCE;
				MTL_FAST_MATH = YES;
				ONLY_ACTIVE_ARCH = YES;
				SDKROOT = iphoneos;
				SWIFT_ACTIVE_COMPILATION_CONDITIONS = "DEBUG $(inherited)";
				SWIFT_OPTIMIZATION_LEVEL = "-Onone";
			};
			name = Debug;
		};
		BFC7F14D2C7EECB300EEA14F /* Release */ = {
			isa = XCBuildConfiguration;
			buildSettings = {
				ALWAYS_SEARCH_USER_PATHS = NO;
				ASSETCATALOG_COMPILER_GENERATE_SWIFT_ASSET_SYMBOL_EXTENSIONS = YES;
				CLANG_ANALYZER_NONNULL = YES;
				CLANG_ANALYZER_NUMBER_OBJECT_CONVERSION = YES_AGGRESSIVE;
				CLANG_CXX_LANGUAGE_STANDARD = "gnu++20";
				CLANG_ENABLE_MODULES = YES;
				CLANG_ENABLE_OBJC_ARC = YES;
				CLANG_ENABLE_OBJC_WEAK = YES;
				CLANG_WARN_BLOCK_CAPTURE_AUTORELEASING = YES;
				CLANG_WARN_BOOL_CONVERSION = YES;
				CLANG_WARN_COMMA = YES;
				CLANG_WARN_CONSTANT_CONVERSION = YES;
				CLANG_WARN_DEPRECATED_OBJC_IMPLEMENTATIONS = YES;
				CLANG_WARN_DIRECT_OBJC_ISA_USAGE = YES_ERROR;
				CLANG_WARN_DOCUMENTATION_COMMENTS = YES;
				CLANG_WARN_EMPTY_BODY = YES;
				CLANG_WARN_ENUM_CONVERSION = YES;
				CLANG_WARN_INFINITE_RECURSION = YES;
				CLANG_WARN_INT_CONVERSION = YES;
				CLANG_WARN_NON_LITERAL_NULL_CONVERSION = YES;
				CLANG_WARN_OBJC_IMPLICIT_RETAIN_SELF = YES;
				CLANG_WARN_OBJC_LITERAL_CONVERSION = YES;
				CLANG_WARN_OBJC_ROOT_CLASS = YES_ERROR;
				CLANG_WARN_QUOTED_INCLUDE_IN_FRAMEWORK_HEADER = YES;
				CLANG_WARN_RANGE_LOOP_ANALYSIS = YES;
				CLANG_WARN_STRICT_PROTOTYPES = YES;
				CLANG_WARN_SUSPICIOUS_MOVE = YES;
				CLANG_WARN_UNGUARDED_AVAILABILITY = YES_AGGRESSIVE;
				CLANG_WARN_UNREACHABLE_CODE = YES;
				CLANG_WARN__DUPLICATE_METHOD_MATCH = YES;
				COPY_PHASE_STRIP = NO;
				DEBUG_INFORMATION_FORMAT = "dwarf-with-dsym";
				ENABLE_NS_ASSERTIONS = NO;
				ENABLE_STRICT_OBJC_MSGSEND = YES;
				ENABLE_USER_SCRIPT_SANDBOXING = YES;
				GCC_C_LANGUAGE_STANDARD = gnu17;
				GCC_NO_COMMON_BLOCKS = YES;
				GCC_WARN_64_TO_32_BIT_CONVERSION = YES;
				GCC_WARN_ABOUT_RETURN_TYPE = YES_ERROR;
				GCC_WARN_UNDECLARED_SELECTOR = YES;
				GCC_WARN_UNINITIALIZED_AUTOS = YES_AGGRESSIVE;
				GCC_WARN_UNUSED_FUNCTION = YES;
				GCC_WARN_UNUSED_VARIABLE = YES;
				IPHONEOS_DEPLOYMENT_TARGET = 17.5;
				LOCALIZATION_PREFERS_STRING_CATALOGS = YES;
				MTL_ENABLE_DEBUG_INFO = NO;
				MTL_FAST_MATH = YES;
				SDKROOT = iphoneos;
				SWIFT_COMPILATION_MODE = wholemodule;
				VALIDATE_PRODUCT = YES;
			};
			name = Release;
		};
		BFC7F14F2C7EECB300EEA14F /* Debug */ = {
			isa = XCBuildConfiguration;
			buildSettings = {
				ASSETCATALOG_COMPILER_APPICON_NAME = AppIcon;
				ASSETCATALOG_COMPILER_GLOBAL_ACCENT_COLOR_NAME = AccentColor;
				CODE_SIGN_STYLE = Automatic;
				CURRENT_PROJECT_VERSION = 1;
				DEVELOPMENT_TEAM = 96JWXAH89P;
				GENERATE_INFOPLIST_FILE = YES;
				INFOPLIST_FILE = todoStar/Info.plist;
				INFOPLIST_KEY_UIApplicationSupportsIndirectInputEvents = YES;
				INFOPLIST_KEY_UILaunchStoryboardName = LaunchScreen;
				INFOPLIST_KEY_UISupportedInterfaceOrientations_iPad = "UIInterfaceOrientationPortrait UIInterfaceOrientationPortraitUpsideDown UIInterfaceOrientationLandscapeLeft UIInterfaceOrientationLandscapeRight";
				INFOPLIST_KEY_UISupportedInterfaceOrientations_iPhone = "UIInterfaceOrientationPortrait UIInterfaceOrientationLandscapeLeft UIInterfaceOrientationLandscapeRight";
				LD_RUNPATH_SEARCH_PATHS = (
					"$(inherited)",
					"@executable_path/Frameworks",
				);
				MARKETING_VERSION = 1.0;
				PRODUCT_BUNDLE_IDENTIFIER = com.razeware.todoStar;
				PRODUCT_NAME = "$(TARGET_NAME)";
				SWIFT_EMIT_LOC_STRINGS = YES;
				SWIFT_VERSION = 5.0;
				TARGETED_DEVICE_FAMILY = "1,2";
			};
			name = Debug;
		};
		BFC7F1502C7EECB300EEA14F /* Release */ = {
			isa = XCBuildConfiguration;
			buildSettings = {
				ASSETCATALOG_COMPILER_APPICON_NAME = AppIcon;
				ASSETCATALOG_COMPILER_GLOBAL_ACCENT_COLOR_NAME = AccentColor;
				CODE_SIGN_STYLE = Automatic;
				CURRENT_PROJECT_VERSION = 1;
				DEVELOPMENT_TEAM = 96JWXAH89P;
				GENERATE_INFOPLIST_FILE = YES;
				INFOPLIST_FILE = todoStar/Info.plist;
				INFOPLIST_KEY_UIApplicationSupportsIndirectInputEvents = YES;
				INFOPLIST_KEY_UILaunchStoryboardName = LaunchScreen;
				INFOPLIST_KEY_UISupportedInterfaceOrientations_iPad = "UIInterfaceOrientationPortrait UIInterfaceOrientationPortraitUpsideDown UIInterfaceOrientationLandscapeLeft UIInterfaceOrientationLandscapeRight";
				INFOPLIST_KEY_UISupportedInterfaceOrientations_iPhone = "UIInterfaceOrientationPortrait UIInterfaceOrientationLandscapeLeft UIInterfaceOrientationLandscapeRight";
				LD_RUNPATH_SEARCH_PATHS = (
					"$(inherited)",
					"@executable_path/Frameworks",
				);
				MARKETING_VERSION = 1.0;
				PRODUCT_BUNDLE_IDENTIFIER = com.razeware.todoStar;
				PRODUCT_NAME = "$(TARGET_NAME)";
				SWIFT_EMIT_LOC_STRINGS = YES;
				SWIFT_VERSION = 5.0;
				TARGETED_DEVICE_FAMILY = "1,2";
			};
			name = Release;
		};
/* End XCBuildConfiguration section */

/* Begin XCConfigurationList section */
		BFC7F1352C7EECB100EEA14F /* Build configuration list for PBXProject "todoStar" */ = {
			isa = XCConfigurationList;
			buildConfigurations = (
				BFC7F14C2C7EECB300EEA14F /* Debug */,
				BFC7F14D2C7EECB300EEA14F /* Release */,
			);
			defaultConfigurationIsVisible = 0;
			defaultConfigurationName = Release;
		};
		BFC7F14E2C7EECB300EEA14F /* Build configuration list for PBXNativeTarget "todoStar" */ = {
			isa = XCConfigurationList;
			buildConfigurations = (
				BFC7F14F2C7EECB300EEA14F /* Debug */,
				BFC7F1502C7EECB300EEA14F /* Release */,
			);
			defaultConfigurationIsVisible = 0;
			defaultConfigurationName = Release;
		};
/* End XCConfigurationList section */
	};
	rootObject = BFC7F1322C7EECB100EEA14F /* Project object */;
}
